Microsoft Visual Studio Solution File, Format Version 12.00
# Visual Studio Version 17
VisualStudioVersion = 17.5.2.0
MinimumVisualStudioVersion = 10.0.40219.1
Project("{FAE04EC0-301F-11D3-BF4B-00C04F79EFBC}") = "dotnet-user", "dotnet-user.csproj", "{14982C1B-FBF5-3149-289A-FD1530857D42}"
EndProject
Global
	GlobalSection(SolutionConfigurationPlatforms) = preSolution
		Debug|Any CPU = Debug|Any CPU
		Release|Any CPU = Release|Any CPU
	EndGlobalSection
	GlobalSection(ProjectConfigurationPlatforms) = postSolution
		{14982C1B-FBF5-3149-289A-FD1530857D42}.Debug|Any CPU.ActiveCfg = Debug|Any CPU
		{14982C1B-FBF5-3149-289A-FD1530857D42}.Debug|Any CPU.Build.0 = Debug|Any CPU
		{14982C1B-FBF5-3149-289A-FD1530857D42}.Release|Any CPU.ActiveCfg = Release|Any CPU
		{14982C1B-FBF5-3149-289A-FD1530857D42}.Release|Any CPU.Build.0 = Release|Any CPU
	EndGlobalSection
	GlobalSection(SolutionProperties) = preSolution
		HideSolutionNode = FALSE
	EndGlobalSection
	GlobalSection(ExtensibilityGlobals) = postSolution
		SolutionGuid = {31849CF4-EE0C-4B2E-95C1-C8B39F51258B}
	EndGlobalSection
EndGlobal
